<Solution>
  <Folder Name="/Solution Items/">
    <File Path=".gitignore" />
  </Folder>
  <Folder Name="/src/">
    <Project Path="src/GymAppV3.Application/GymAppV3.Application.csproj" />
    <Project Path="src/GymAppV3.Core/GymAppV3.Core.csproj" />
    <Project Path="src/GymAppV3.Infrastructure/GymAppV3.Infrastructure.csproj" />
  </Folder>
  <Folder Name="/test/" />
  <Project Path="GymAppV3.Tests/GymAppV3.Tests.csproj" />
</Solution>
